
Microsoft Visual Studio Solution File, Format Version 12.00
# Visual Studio Version 16
VisualStudioVersion = 16.0.32413.511
MinimumVisualStudioVersion = 10.0.40219.1
Project("{9A19103F-16F7-4668-BE54-9A1E7A4F7556}") = "RestApiPractiseAssignmentApi", "RestApiPractiseAssignment\RestApiPractiseAssignmentApi.csproj", "{889B8B59-5FAF-4992-9856-95708150262C}"
EndProject
Project("{FAE04EC0-301F-11D3-BF4B-00C04F79EFBC}") = "DomainLayer", "DomainLayer\DomainLayer.csproj", "{3B7BA938-292F-43D3-AA72-DCFB2F661AF7}"
EndProject
Project("{FAE04EC0-301F-11D3-BF4B-00C04F79EFBC}") = "RepositoryLayer", "RepositoryLayer\RepositoryLayer.csproj", "{55CACA19-AFEE-4393-9578-E9D1DD43E5E7}"
EndProject
Project("{FAE04EC0-301F-11D3-BF4B-00C04F79EFBC}") = "ServiceLayer", "ServiceLayer\ServiceLayer.csproj", "{08E9F963-CAC4-4C01-8F23-DCC777679AF1}"
EndProject
Global
	GlobalSection(SolutionConfigurationPlatforms) = preSolution
		Debug|Any CPU = Debug|Any CPU
		Release|Any CPU = Release|Any CPU
	EndGlobalSection
	GlobalSection(ProjectConfigurationPlatforms) = postSolution
		{889B8B59-5FAF-4992-9856-95708150262C}.Debug|Any CPU.ActiveCfg = Debug|Any CPU
		{889B8B59-5FAF-4992-9856-95708150262C}.Debug|Any CPU.Build.0 = Debug|Any CPU
		{889B8B59-5FAF-4992-9856-95708150262C}.Release|Any CPU.ActiveCfg = Release|Any CPU
		{889B8B59-5FAF-4992-9856-95708150262C}.Release|Any CPU.Build.0 = Release|Any CPU
		{3B7BA938-292F-43D3-AA72-DCFB2F661AF7}.Debug|Any CPU.ActiveCfg = Debug|Any CPU
		{3B7BA938-292F-43D3-AA72-DCFB2F661AF7}.Debug|Any CPU.Build.0 = Debug|Any CPU
		{3B7BA938-292F-43D3-AA72-DCFB2F661AF7}.Release|Any CPU.ActiveCfg = Release|Any CPU
		{3B7BA938-292F-43D3-AA72-DCFB2F661AF7}.Release|Any CPU.Build.0 = Release|Any CPU
		{55CACA19-AFEE-4393-9578-E9D1DD43E5E7}.Debug|Any CPU.ActiveCfg = Debug|Any CPU
		{55CACA19-AFEE-4393-9578-E9D1DD43E5E7}.Debug|Any CPU.Build.0 = Debug|Any CPU
		{55CACA19-AFEE-4393-9578-E9D1DD43E5E7}.Release|Any CPU.ActiveCfg = Release|Any CPU
		{55CACA19-AFEE-4393-9578-E9D1DD43E5E7}.Release|Any CPU.Build.0 = Release|Any CPU
		{08E9F963-CAC4-4C01-8F23-DCC777679AF1}.Debug|Any CPU.ActiveCfg = Debug|Any CPU
		{08E9F963-CAC4-4C01-8F23-DCC777679AF1}.Debug|Any CPU.Build.0 = Debug|Any CPU
		{08E9F963-CAC4-4C01-8F23-DCC777679AF1}.Release|Any CPU.ActiveCfg = Release|Any CPU
		{08E9F963-CAC4-4C01-8F23-DCC777679AF1}.Release|Any CPU.Build.0 = Release|Any CPU
	EndGlobalSection
	GlobalSection(SolutionProperties) = preSolution
		HideSolutionNode = FALSE
	EndGlobalSection
	GlobalSection(ExtensibilityGlobals) = postSolution
		SolutionGuid = {9F33161F-3F2C-40AF-9B92-573F3455B48A}
	EndGlobalSection
EndGlobal
